{
  "name": "@examples/minimal",
  "version": "1.0.0",
  "lockfileVersion": 2,
  "requires": true,
  "packages": {
    "": {
      "name": "@examples/minimal",
      "version": "1.0.0",
      "dependencies": {
        "bridge": "^2.0.15",
        "zod": "^3.20.2"
      },
      "devDependencies": {
        "@types/node": "^18.11.15"
      }
    },
    "node_modules/@types/node": {
      "version": "18.11.15",
      "resolved": "https://registry.npmjs.org/@types/node/-/node-18.11.15.tgz",
      "integrity": "sha512-VkhBbVo2+2oozlkdHXLrb3zjsRkpdnaU2bXmX8Wgle3PUi569eLRaHGlgETQHR7lLL1w7GiG3h9SnePhxNDecw==",
      "dev": true
    },
    "node_modules/bridge": {
      "version": "2.0.15",
      "resolved": "https://registry.npmjs.org/bridge/-/bridge-2.0.15.tgz",
      "integrity": "sha512-W9/PT8ayIJD1xj2mGHb8gKdziapPEuwosNrXZk92BAv5Se3WpfqzPNMUQ/bkmrAEXnBQ2MSl6CkRSxuNzF6/Bw=="
    },
    "node_modules/zod": {
      "version": "3.20.2",
      "resolved": "https://registry.npmjs.org/zod/-/zod-3.20.2.tgz",
      "integrity": "sha512-1MzNQdAvO+54H+EaK5YpyEy0T+Ejo/7YLHS93G3RnYWh5gaotGHwGeN/ZO687qEDU2y4CdStQYXVHIgrUl5UVQ==",
      "funding": {
        "url": "https://github.com/sponsors/colinhacks"
      }
    }
  },
  "dependencies": {
    "@types/node": {
      "version": "18.11.15",
      "resolved": "https://registry.npmjs.org/@types/node/-/node-18.11.15.tgz",
      "integrity": "sha512-VkhBbVo2+2oozlkdHXLrb3zjsRkpdnaU2bXmX8Wgle3PUi569eLRaHGlgETQHR7lLL1w7GiG3h9SnePhxNDecw==",
      "dev": true
    },
    "bridge": {
      "version": "2.0.15",
      "resolved": "https://registry.npmjs.org/bridge/-/bridge-2.0.15.tgz",
      "integrity": "sha512-W9/PT8ayIJD1xj2mGHb8gKdziapPEuwosNrXZk92BAv5Se3WpfqzPNMUQ/bkmrAEXnBQ2MSl6CkRSxuNzF6/Bw=="
    },
    "zod": {
      "version": "3.20.2",
      "resolved": "https://registry.npmjs.org/zod/-/zod-3.20.2.tgz",
      "integrity": "sha512-1MzNQdAvO+54H+EaK5YpyEy0T+Ejo/7YLHS93G3RnYWh5gaotGHwGeN/ZO687qEDU2y4CdStQYXVHIgrUl5UVQ=="
    }
  }
}
