{
  "name": "minimal-http",
  "version": "1.0.0",
  "lockfileVersion": 2,
  "requires": true,
  "packages": {
    "": {
      "name": "minimal-http",
      "version": "1.0.0",
      "dependencies": {
        "bridge": "^2.0.17"
      },
      "devDependencies": {
        "@types/node": "^18.11.16"
      }
    },
    "node_modules/@types/node": {
      "version": "18.11.16",
      "resolved": "https://registry.npmjs.org/@types/node/-/node-18.11.16.tgz",
      "integrity": "sha512-6T7P5bDkRhqRxrQtwj7vru+bWTpelgtcETAZEUSdq0YISKz8WKdoBukQLYQQ6DFHvU9JRsbFq0JH5C51X2ZdnA==",
      "dev": true
    },
    "node_modules/bridge": {
      "version": "2.0.17",
      "resolved": "https://registry.npmjs.org/bridge/-/bridge-2.0.17.tgz",
      "integrity": "sha512-K/llH8Mx61EdITkMJAnfN2iwirJ6+fmXObzedcf1rNxRuabbEaE4629hXlHSIAqiW1t5TuJHPU/TFmdpQ2cyXQ=="
    }
  },
  "dependencies": {
    "@types/node": {
      "version": "18.11.16",
      "resolved": "https://registry.npmjs.org/@types/node/-/node-18.11.16.tgz",
      "integrity": "sha512-6T7P5bDkRhqRxrQtwj7vru+bWTpelgtcETAZEUSdq0YISKz8WKdoBukQLYQQ6DFHvU9JRsbFq0JH5C51X2ZdnA==",
      "dev": true
    },
    "bridge": {
      "version": "2.0.17",
      "resolved": "https://registry.npmjs.org/bridge/-/bridge-2.0.17.tgz",
      "integrity": "sha512-K/llH8Mx61EdITkMJAnfN2iwirJ6+fmXObzedcf1rNxRuabbEaE4629hXlHSIAqiW1t5TuJHPU/TFmdpQ2cyXQ=="
    }
  }
}
