lockfileVersion: 5.4

specifiers:
  '@types/node': ^18.11.16
  bridge: ^2.0.41
  typescript: ^4.9.4

dependencies:
  bridge: 2.0.41

devDependencies:
  '@types/node': 18.11.18
  typescript: 4.9.5

packages:

  /@types/node/18.11.18:
    resolution: {integrity: sha512-DHQpWGjyQKSHj3ebjFI/wRKcqQcdR+MoFBygntYOZytCqNfkd2ZC4ARDJ2DQqhjH5p85Nnd3jhUJIXrszFX/JA==}
    dev: true

  /bridge/2.0.41:
    resolution: {integrity: sha512-VWp9jHyL+e+G1FiJG8LYLoPxIQjDmM5jjguiaw4rfsbRIRm/3j3kVLE18oir5pVlI93MdHgkC42dHTayj9BDLg==}
    dev: false

  /typescript/4.9.5:
    resolution: {integrity: sha512-1FXk9E2Hm+QzZQ7z+McJiHL4NW1F2EzMu9Nq9i3zAaGqibafqYwCVU6WyWAuyQRRzOlxou8xZSyXLEN8oKj24g==}
    engines: {node: '>=4.2.0'}
    hasBin: true
    dev: true
